
Microsoft Visual Studio Solution File, Format Version 12.00
# Visual Studio Version 17
VisualStudioVersion = 17.14.36518.9 d17.14
MinimumVisualStudioVersion = 10.0.40219.1
Project("{FAE04EC0-301F-11D3-BF4B-00C04F79EFBC}") = "Innovatec", "Innovatec\Innovatec.csproj", "{783C43B2-273D-4D4C-862C-76FD69BC2BFC}"
EndProject
Global
	GlobalSection(SolutionConfigurationPlatforms) = preSolution
		Debug|Any CPU = Debug|Any CPU
		Release|Any CPU = Release|Any CPU
	EndGlobalSection
	GlobalSection(ProjectConfigurationPlatforms) = postSolution
		{783C43B2-273D-4D4C-862C-76FD69BC2BFC}.Debug|Any CPU.ActiveCfg = Debug|Any CPU
		{783C43B2-273D-4D4C-862C-76FD69BC2BFC}.Debug|Any CPU.Build.0 = Debug|Any CPU
		{783C43B2-273D-4D4C-862C-76FD69BC2BFC}.Release|Any CPU.ActiveCfg = Release|Any CPU
		{783C43B2-273D-4D4C-862C-76FD69BC2BFC}.Release|Any CPU.Build.0 = Release|Any CPU
	EndGlobalSection
	GlobalSection(SolutionProperties) = preSolution
		HideSolutionNode = FALSE
	EndGlobalSection
	GlobalSection(ExtensibilityGlobals) = postSolution
		SolutionGuid = {64501D9C-C5E5-4C62-8F20-202CA673F017}
	EndGlobalSection
EndGlobal
